
Microsoft Visual Studio Solution File, Format Version 12.00
# Visual Studio 15
VisualStudioVersion = 15.0.27004.2002
MinimumVisualStudioVersion = 10.0.40219.1
Project("{9A19103F-16F7-4668-BE54-9A1E7A4F7556}") = "DistributedSystems.Web", "DistributedSystems\DistributedSystems.Web.csproj", "{AC7CE9A6-263E-40B0-B27E-A2BD4E690DE5}"
EndProject
Project("{9A19103F-16F7-4668-BE54-9A1E7A4F7556}") = "NotificationService", "NotificationService\NotificationService.csproj", "{FCA0FC14-C25B-4AF7-ABD3-35B6902D62CE}"
EndProject
Project("{9A19103F-16F7-4668-BE54-9A1E7A4F7556}") = "DistribuedSystem.Common", "Common\DistribuedSystem.Common.csproj", "{2ABED7F6-1C38-4EBE-B65F-AF6FCA565CB8}"
EndProject
Project("{9A19103F-16F7-4668-BE54-9A1E7A4F7556}") = "ShipmentService", "ShipmentService\ShipmentService.csproj", "{B97D5CCE-ECDB-4048-8FBA-274AA6B3E2B6}"
EndProject
Project("{FAE04EC0-301F-11D3-BF4B-00C04F79EFBC}") = "RegistrationService", "RegistrationService\RegistrationService.csproj", "{B7F8BA59-4D3E-41CA-BF3C-E0BCF11E9C47}"
EndProject
Global
	GlobalSection(SolutionConfigurationPlatforms) = preSolution
		Debug|Any CPU = Debug|Any CPU
		Release|Any CPU = Release|Any CPU
	EndGlobalSection
	GlobalSection(ProjectConfigurationPlatforms) = postSolution
		{AC7CE9A6-263E-40B0-B27E-A2BD4E690DE5}.Debug|Any CPU.ActiveCfg = Debug|Any CPU
		{AC7CE9A6-263E-40B0-B27E-A2BD4E690DE5}.Debug|Any CPU.Build.0 = Debug|Any CPU
		{AC7CE9A6-263E-40B0-B27E-A2BD4E690DE5}.Release|Any CPU.ActiveCfg = Release|Any CPU
		{AC7CE9A6-263E-40B0-B27E-A2BD4E690DE5}.Release|Any CPU.Build.0 = Release|Any CPU
		{FCA0FC14-C25B-4AF7-ABD3-35B6902D62CE}.Debug|Any CPU.ActiveCfg = Debug|Any CPU
		{FCA0FC14-C25B-4AF7-ABD3-35B6902D62CE}.Debug|Any CPU.Build.0 = Debug|Any CPU
		{FCA0FC14-C25B-4AF7-ABD3-35B6902D62CE}.Release|Any CPU.ActiveCfg = Release|Any CPU
		{FCA0FC14-C25B-4AF7-ABD3-35B6902D62CE}.Release|Any CPU.Build.0 = Release|Any CPU
		{2ABED7F6-1C38-4EBE-B65F-AF6FCA565CB8}.Debug|Any CPU.ActiveCfg = Debug|Any CPU
		{2ABED7F6-1C38-4EBE-B65F-AF6FCA565CB8}.Debug|Any CPU.Build.0 = Debug|Any CPU
		{2ABED7F6-1C38-4EBE-B65F-AF6FCA565CB8}.Release|Any CPU.ActiveCfg = Release|Any CPU
		{2ABED7F6-1C38-4EBE-B65F-AF6FCA565CB8}.Release|Any CPU.Build.0 = Release|Any CPU
		{B97D5CCE-ECDB-4048-8FBA-274AA6B3E2B6}.Debug|Any CPU.ActiveCfg = Debug|Any CPU
		{B97D5CCE-ECDB-4048-8FBA-274AA6B3E2B6}.Debug|Any CPU.Build.0 = Debug|Any CPU
		{B97D5CCE-ECDB-4048-8FBA-274AA6B3E2B6}.Release|Any CPU.ActiveCfg = Release|Any CPU
		{B97D5CCE-ECDB-4048-8FBA-274AA6B3E2B6}.Release|Any CPU.Build.0 = Release|Any CPU
		{B7F8BA59-4D3E-41CA-BF3C-E0BCF11E9C47}.Debug|Any CPU.ActiveCfg = Debug|Any CPU
		{B7F8BA59-4D3E-41CA-BF3C-E0BCF11E9C47}.Debug|Any CPU.Build.0 = Debug|Any CPU
		{B7F8BA59-4D3E-41CA-BF3C-E0BCF11E9C47}.Release|Any CPU.ActiveCfg = Release|Any CPU
		{B7F8BA59-4D3E-41CA-BF3C-E0BCF11E9C47}.Release|Any CPU.Build.0 = Release|Any CPU
	EndGlobalSection
	GlobalSection(SolutionProperties) = preSolution
		HideSolutionNode = FALSE
	EndGlobalSection
	GlobalSection(ExtensibilityGlobals) = postSolution
		SolutionGuid = {6A9981A0-EDA9-40AE-83AF-019439C954CA}
	EndGlobalSection
EndGlobal
